// !$*UTF8*$!
{
	archiveVersion = 1;
	classes = {
	};
	objectVersion = 56;
	objects = {

/* Begin PBXBuildFile section */
		4B2018DA2A39BC350043F705 /* FoodsMainCVC.swift in Sources */ = {isa = PBXBuildFile; fileRef = 4B2018D92A39BC350043F705 /* FoodsMainCVC.swift */; };
		4B2018DD2A39BE220043F705 /* SDWebImage in Frameworks */ = {isa = PBXBuildFile; productRef = 4B2018DC2A39BE220043F705 /* SDWebImage */; };
		4B492DE22A3A757D00A8579B /* FoodsByIngredientsVC.swift in Sources */ = {isa = PBXBuildFile; fileRef = 4B492DE12A3A757D00A8579B /* FoodsByIngredientsVC.swift */; };
		4B492DE42A3A7BBE00A8579B /* FoodsByIngredientsTVC.swift in Sources */ = {isa = PBXBuildFile; fileRef = 4B492DE32A3A7BBD00A8579B /* FoodsByIngredientsTVC.swift */; };
		4B4F0DD72A331D7A00D3F8EA /* AppDelegate.swift in Sources */ = {isa = PBXBuildFile; fileRef = 4B4F0DD62A331D7A00D3F8EA /* AppDelegate.swift */; };
		4B4F0DD92A331D7A00D3F8EA /* SceneDelegate.swift in Sources */ = {isa = PBXBuildFile; fileRef = 4B4F0DD82A331D7A00D3F8EA /* SceneDelegate.swift */; };
		4B4F0DDB2A331D7A00D3F8EA /* FoodMainVC.swift in Sources */ = {isa = PBXBuildFile; fileRef = 4B4F0DDA2A331D7A00D3F8EA /* FoodMainVC.swift */; };
		4B4F0DE02A331D7B00D3F8EA /* Assets.xcassets in Resources */ = {isa = PBXBuildFile; fileRef = 4B4F0DDF2A331D7B00D3F8EA /* Assets.xcassets */; };
		4B4F0DE32A331D7B00D3F8EA /* LaunchScreen.storyboard in Resources */ = {isa = PBXBuildFile; fileRef = 4B4F0DE12A331D7B00D3F8EA /* LaunchScreen.storyboard */; };
		4B4F0DF02A331DFE00D3F8EA /* FoodModel.swift in Sources */ = {isa = PBXBuildFile; fileRef = 4B4F0DEF2A331DFE00D3F8EA /* FoodModel.swift */; };
		4B5642AE2A3BBDDB0000F421 /* FoodsByIngredientsModel.swift in Sources */ = {isa = PBXBuildFile; fileRef = 4B5642AD2A3BBDDB0000F421 /* FoodsByIngredientsModel.swift */; };
		4B6F6A6D2A38EC0100E09B60 /* HTTP.swift in Sources */ = {isa = PBXBuildFile; fileRef = 4B6F6A6C2A38EC0100E09B60 /* HTTP.swift */; };
		4B6F6A6F2A38F17000E09B60 /* FoodViewModel.swift in Sources */ = {isa = PBXBuildFile; fileRef = 4B6F6A6E2A38F17000E09B60 /* FoodViewModel.swift */; };
		4B6F6A712A38F17B00E09B60 /* FoodViewModelStorage.swift in Sources */ = {isa = PBXBuildFile; fileRef = 4B6F6A702A38F17B00E09B60 /* FoodViewModelStorage.swift */; };
		4B88DF1F2A37C13C00393E0D /* FoodService.swift in Sources */ = {isa = PBXBuildFile; fileRef = 4B88DF1E2A37C13C00393E0D /* FoodService.swift */; };
		4B88DF212A37C14500393E0D /* Endpoint.swift in Sources */ = {isa = PBXBuildFile; fileRef = 4B88DF202A37C14500393E0D /* Endpoint.swift */; };
		4B88DF232A37C15C00393E0D /* Constants.swift in Sources */ = {isa = PBXBuildFile; fileRef = 4B88DF222A37C15C00393E0D /* Constants.swift */; };
		4B9405632A49C5DD002F73A7 /* RecipeModel.swift in Sources */ = {isa = PBXBuildFile; fileRef = 4B9405622A49C5DD002F73A7 /* RecipeModel.swift */; };
		4BAA7FB92A44FC3E00CEE249 /* RecipeVC.swift in Sources */ = {isa = PBXBuildFile; fileRef = 4BAA7FB82A44FC3E00CEE249 /* RecipeVC.swift */; };
		4BAA7FBD2A44FEB900CEE249 /* RecipeViewModel.swift in Sources */ = {isa = PBXBuildFile; fileRef = 4BAA7FBC2A44FEB900CEE249 /* RecipeViewModel.swift */; };
		4BAA7FC02A44FED100CEE249 /* RecipeViewModelStorage.swift in Sources */ = {isa = PBXBuildFile; fileRef = 4BAA7FBF2A44FED100CEE249 /* RecipeViewModelStorage.swift */; };
		4BBB40482A41E9D700B50999 /* ButtonCV.swift in Sources */ = {isa = PBXBuildFile; fileRef = 4BBB40472A41E9D700B50999 /* ButtonCV.swift */; };
		4BFDE8AD2A3D26EE00568381 /* FoodsByIngredientsViewModel.swift in Sources */ = {isa = PBXBuildFile; fileRef = 4BFDE8AC2A3D26EE00568381 /* FoodsByIngredientsViewModel.swift */; };
		4BFDE8AF2A3D271400568381 /* IngredientsViewModelStorage.swift in Sources */ = {isa = PBXBuildFile; fileRef = 4BFDE8AE2A3D271400568381 /* IngredientsViewModelStorage.swift */; };
		4BFDE8B32A3E4FE500568381 /* ingredientsVC.swift in Sources */ = {isa = PBXBuildFile; fileRef = 4BFDE8B22A3E4FE500568381 /* ingredientsVC.swift */; };
		4BFDE8B52A3E506B00568381 /* ingredientsTVC.swift in Sources */ = {isa = PBXBuildFile; fileRef = 4BFDE8B42A3E506B00568381 /* ingredientsTVC.swift */; };
		4BFDE8B82A3E50DB00568381 /* ingredientsModel.swift in Sources */ = {isa = PBXBuildFile; fileRef = 4BFDE8B72A3E50DB00568381 /* ingredientsModel.swift */; };
		838E851B5B818C8FAB9D5FC3 /* Pods_Food.framework in Frameworks */ = {isa = PBXBuildFile; fileRef = 874E3A36B031070C7DEBAF89 /* Pods_Food.framework */; };
/* End PBXBuildFile section */

/* Begin PBXFileReference section */
		4B2018D92A39BC350043F705 /* FoodsMainCVC.swift */ = {isa = PBXFileReference; lastKnownFileType = sourcecode.swift; path = FoodsMainCVC.swift; sourceTree = "<group>"; };
		4B492DE12A3A757D00A8579B /* FoodsByIngredientsVC.swift */ = {isa = PBXFileReference; lastKnownFileType = sourcecode.swift; path = FoodsByIngredientsVC.swift; sourceTree = "<group>"; };
		4B492DE32A3A7BBD00A8579B /* FoodsByIngredientsTVC.swift */ = {isa = PBXFileReference; lastKnownFileType = sourcecode.swift; path = FoodsByIngredientsTVC.swift; sourceTree = "<group>"; };
		4B4F0DD32A331D7A00D3F8EA /* Food.app */ = {isa = PBXFileReference; explicitFileType = wrapper.application; includeInIndex = 0; path = Food.app; sourceTree = BUILT_PRODUCTS_DIR; };
		4B4F0DD62A331D7A00D3F8EA /* AppDelegate.swift */ = {isa = PBXFileReference; lastKnownFileType = sourcecode.swift; path = AppDelegate.swift; sourceTree = "<group>"; };
		4B4F0DD82A331D7A00D3F8EA /* SceneDelegate.swift */ = {isa = PBXFileReference; lastKnownFileType = sourcecode.swift; path = SceneDelegate.swift; sourceTree = "<group>"; };
		4B4F0DDA2A331D7A00D3F8EA /* FoodMainVC.swift */ = {isa = PBXFileReference; lastKnownFileType = sourcecode.swift; path = FoodMainVC.swift; sourceTree = "<group>"; };
		4B4F0DDF2A331D7B00D3F8EA /* Assets.xcassets */ = {isa = PBXFileReference; lastKnownFileType = folder.assetcatalog; path = Assets.xcassets; sourceTree = "<group>"; };
		4B4F0DE22A331D7B00D3F8EA /* Base */ = {isa = PBXFileReference; lastKnownFileType = file.storyboard; name = Base; path = Base.lproj/LaunchScreen.storyboard; sourceTree = "<group>"; };
		4B4F0DE42A331D7B00D3F8EA /* Info.plist */ = {isa = PBXFileReference; lastKnownFileType = text.plist.xml; path = Info.plist; sourceTree = "<group>"; };
		4B4F0DEF2A331DFE00D3F8EA /* FoodModel.swift */ = {isa = PBXFileReference; lastKnownFileType = sourcecode.swift; path = FoodModel.swift; sourceTree = "<group>"; };
		4B5642AD2A3BBDDB0000F421 /* FoodsByIngredientsModel.swift */ = {isa = PBXFileReference; lastKnownFileType = sourcecode.swift; path = FoodsByIngredientsModel.swift; sourceTree = "<group>"; };
		4B6F6A6C2A38EC0100E09B60 /* HTTP.swift */ = {isa = PBXFileReference; lastKnownFileType = sourcecode.swift; path = HTTP.swift; sourceTree = "<group>"; };
		4B6F6A6E2A38F17000E09B60 /* FoodViewModel.swift */ = {isa = PBXFileReference; lastKnownFileType = sourcecode.swift; path = FoodViewModel.swift; sourceTree = "<group>"; };
		4B6F6A702A38F17B00E09B60 /* FoodViewModelStorage.swift */ = {isa = PBXFileReference; lastKnownFileType = sourcecode.swift; path = FoodViewModelStorage.swift; sourceTree = "<group>"; };
		4B88DF1E2A37C13C00393E0D /* FoodService.swift */ = {isa = PBXFileReference; lastKnownFileType = sourcecode.swift; path = FoodService.swift; sourceTree = "<group>"; };
		4B88DF202A37C14500393E0D /* Endpoint.swift */ = {isa = PBXFileReference; lastKnownFileType = sourcecode.swift; path = Endpoint.swift; sourceTree = "<group>"; };
		4B88DF222A37C15C00393E0D /* Constants.swift */ = {isa = PBXFileReference; lastKnownFileType = sourcecode.swift; path = Constants.swift; sourceTree = "<group>"; };
		4B9405622A49C5DD002F73A7 /* RecipeModel.swift */ = {isa = PBXFileReference; lastKnownFileType = sourcecode.swift; path = RecipeModel.swift; sourceTree = "<group>"; };
		4BAA7FB82A44FC3E00CEE249 /* RecipeVC.swift */ = {isa = PBXFileReference; lastKnownFileType = sourcecode.swift; path = RecipeVC.swift; sourceTree = "<group>"; };
		4BAA7FBC2A44FEB900CEE249 /* RecipeViewModel.swift */ = {isa = PBXFileReference; lastKnownFileType = sourcecode.swift; path = RecipeViewModel.swift; sourceTree = "<group>"; };
		4BAA7FBF2A44FED100CEE249 /* RecipeViewModelStorage.swift */ = {isa = PBXFileReference; lastKnownFileType = sourcecode.swift; path = RecipeViewModelStorage.swift; sourceTree = "<group>"; };
		4BBB40472A41E9D700B50999 /* ButtonCV.swift */ = {isa = PBXFileReference; lastKnownFileType = sourcecode.swift; path = ButtonCV.swift; sourceTree = "<group>"; };
		4BFDE8AC2A3D26EE00568381 /* FoodsByIngredientsViewModel.swift */ = {isa = PBXFileReference; lastKnownFileType = sourcecode.swift; path = FoodsByIngredientsViewModel.swift; sourceTree = "<group>"; };
		4BFDE8AE2A3D271400568381 /* IngredientsViewModelStorage.swift */ = {isa = PBXFileReference; lastKnownFileType = sourcecode.swift; path = IngredientsViewModelStorage.swift; sourceTree = "<group>"; };
		4BFDE8B22A3E4FE500568381 /* ingredientsVC.swift */ = {isa = PBXFileReference; lastKnownFileType = sourcecode.swift; path = ingredientsVC.swift; sourceTree = "<group>"; };
		4BFDE8B42A3E506B00568381 /* ingredientsTVC.swift */ = {isa = PBXFileReference; lastKnownFileType = sourcecode.swift; path = ingredientsTVC.swift; sourceTree = "<group>"; };
		4BFDE8B72A3E50DB00568381 /* ingredientsModel.swift */ = {isa = PBXFileReference; lastKnownFileType = sourcecode.swift; path = ingredientsModel.swift; sourceTree = "<group>"; };
		576EB22D6BB0494B819A1210 /* Pods-Food.release.xcconfig */ = {isa = PBXFileReference; includeInIndex = 1; lastKnownFileType = text.xcconfig; name = "Pods-Food.release.xcconfig"; path = "Target Support Files/Pods-Food/Pods-Food.release.xcconfig"; sourceTree = "<group>"; };
		874E3A36B031070C7DEBAF89 /* Pods_Food.framework */ = {isa = PBXFileReference; explicitFileType = wrapper.framework; includeInIndex = 0; path = Pods_Food.framework; sourceTree = BUILT_PRODUCTS_DIR; };
		D6A9A7ADEDA57F4995ECC562 /* Pods-Food.debug.xcconfig */ = {isa = PBXFileReference; includeInIndex = 1; lastKnownFileType = text.xcconfig; name = "Pods-Food.debug.xcconfig"; path = "Target Support Files/Pods-Food/Pods-Food.debug.xcconfig"; sourceTree = "<group>"; };
/* End PBXFileReference section */

/* Begin PBXFrameworksBuildPhase section */
		4B4F0DD02A331D7A00D3F8EA /* Frameworks */ = {
			isa = PBXFrameworksBuildPhase;
			buildActionMask = 2147483647;
			files = (
				4B2018DD2A39BE220043F705 /* SDWebImage in Frameworks */,
				838E851B5B818C8FAB9D5FC3 /* Pods_Food.framework in Frameworks */,
			);
			runOnlyForDeploymentPostprocessing = 0;
		};
/* End PBXFrameworksBuildPhase section */

/* Begin PBXGroup section */
		4B2018D82A39BC120043F705 /* Views */ = {
			isa = PBXGroup;
			children = (
				4B2018D92A39BC350043F705 /* FoodsMainCVC.swift */,
				4BBB40472A41E9D700B50999 /* ButtonCV.swift */,
				4BFDE8B42A3E506B00568381 /* ingredientsTVC.swift */,
				4B492DE32A3A7BBD00A8579B /* FoodsByIngredientsTVC.swift */,
			);
			path = Views;
			sourceTree = "<group>";
		};
		4B4F0DCA2A331D7A00D3F8EA = {
			isa = PBXGroup;
			children = (
				4B4F0DD52A331D7A00D3F8EA /* Food */,
				4B4F0DD42A331D7A00D3F8EA /* Products */,
				C60D1D77FD8807006EB4A05F /* Pods */,
				F8718D85A81762CC59C72023 /* Frameworks */,
			);
			sourceTree = "<group>";
		};
		4B4F0DD42A331D7A00D3F8EA /* Products */ = {
			isa = PBXGroup;
			children = (
				4B4F0DD32A331D7A00D3F8EA /* Food.app */,
			);
			name = Products;
			sourceTree = "<group>";
		};
		4B4F0DD52A331D7A00D3F8EA /* Food */ = {
			isa = PBXGroup;
			children = (
				4B4F0DEE2A331DE200D3F8EA /* Supporters */,
				4B4F0DED2A331DDB00D3F8EA /* Service */,
				4B4F0DEC2A331DD700D3F8EA /* Model */,
				4B4F0DEB2A331DCE00D3F8EA /* ViewModel */,
				4B2018D82A39BC120043F705 /* Views */,
				4B4F0DEA2A331DC400D3F8EA /* Controllers */,
				4B4F0DE42A331D7B00D3F8EA /* Info.plist */,
			);
			path = Food;
			sourceTree = "<group>";
		};
		4B4F0DEA2A331DC400D3F8EA /* Controllers */ = {
			isa = PBXGroup;
			children = (
				4B4F0DDA2A331D7A00D3F8EA /* FoodMainVC.swift */,
				4BFDE8B22A3E4FE500568381 /* ingredientsVC.swift */,
				4B492DE12A3A757D00A8579B /* FoodsByIngredientsVC.swift */,
				4BAA7FB82A44FC3E00CEE249 /* RecipeVC.swift */,
			);
			path = Controllers;
			sourceTree = "<group>";
		};
		4B4F0DEB2A331DCE00D3F8EA /* ViewModel */ = {
			isa = PBXGroup;
			children = (
				4BFDE8AA2A3D26C100568381 /* FoodMainVM */,
				4BFDE8B62A3E50A200568381 /* ingredientsVM */,
				4BFDE8AB2A3D26D400568381 /* FoodsByIngredientsVM */,
				4BAA7FBE2A44FEBD00CEE249 /* RecipeVM */,
			);
			path = ViewModel;
			sourceTree = "<group>";
		};
		4B4F0DEC2A331DD700D3F8EA /* Model */ = {
			isa = PBXGroup;
			children = (
				4B4F0DEF2A331DFE00D3F8EA /* FoodModel.swift */,
				4BFDE8B72A3E50DB00568381 /* ingredientsModel.swift */,
				4B5642AD2A3BBDDB0000F421 /* FoodsByIngredientsModel.swift */,
				4B9405622A49C5DD002F73A7 /* RecipeModel.swift */,
			);
			path = Model;
			sourceTree = "<group>";
		};
		4B4F0DED2A331DDB00D3F8EA /* Service */ = {
			isa = PBXGroup;
			children = (
				4B88DF202A37C14500393E0D /* Endpoint.swift */,
				4B88DF1E2A37C13C00393E0D /* FoodService.swift */,
				4B6F6A6C2A38EC0100E09B60 /* HTTP.swift */,
			);
			path = Service;
			sourceTree = "<group>";
		};
		4B4F0DEE2A331DE200D3F8EA /* Supporters */ = {
			isa = PBXGroup;
			children = (
				4B4F0DD62A331D7A00D3F8EA /* AppDelegate.swift */,
				4B4F0DD82A331D7A00D3F8EA /* SceneDelegate.swift */,
				4B4F0DDF2A331D7B00D3F8EA /* Assets.xcassets */,
				4B4F0DE12A331D7B00D3F8EA /* LaunchScreen.storyboard */,
				4B88DF222A37C15C00393E0D /* Constants.swift */,
			);
			path = Supporters;
			sourceTree = "<group>";
		};
		4BAA7FBE2A44FEBD00CEE249 /* RecipeVM */ = {
			isa = PBXGroup;
			children = (
				4BAA7FBC2A44FEB900CEE249 /* RecipeViewModel.swift */,
				4BAA7FBF2A44FED100CEE249 /* RecipeViewModelStorage.swift */,
			);
			path = RecipeVM;
			sourceTree = "<group>";
		};
		4BFDE8AA2A3D26C100568381 /* FoodMainVM */ = {
			isa = PBXGroup;
			children = (
				4B6F6A6E2A38F17000E09B60 /* FoodViewModel.swift */,
				4B6F6A702A38F17B00E09B60 /* FoodViewModelStorage.swift */,
			);
			path = FoodMainVM;
			sourceTree = "<group>";
		};
		4BFDE8AB2A3D26D400568381 /* FoodsByIngredientsVM */ = {
			isa = PBXGroup;
			children = (
				4BFDE8AC2A3D26EE00568381 /* FoodsByIngredientsViewModel.swift */,
				4BFDE8AE2A3D271400568381 /* IngredientsViewModelStorage.swift */,
			);
			path = FoodsByIngredientsVM;
			sourceTree = "<group>";
		};
		4BFDE8B62A3E50A200568381 /* ingredientsVM */ = {
			isa = PBXGroup;
			children = (
			);
			path = ingredientsVM;
			sourceTree = "<group>";
		};
		C60D1D77FD8807006EB4A05F /* Pods */ = {
			isa = PBXGroup;
			children = (
				D6A9A7ADEDA57F4995ECC562 /* Pods-Food.debug.xcconfig */,
				576EB22D6BB0494B819A1210 /* Pods-Food.release.xcconfig */,
			);
			path = Pods;
			sourceTree = "<group>";
		};
		F8718D85A81762CC59C72023 /* Frameworks */ = {
			isa = PBXGroup;
			children = (
				874E3A36B031070C7DEBAF89 /* Pods_Food.framework */,
			);
			name = Frameworks;
			sourceTree = "<group>";
		};
/* End PBXGroup section */

/* Begin PBXNativeTarget section */
		4B4F0DD22A331D7A00D3F8EA /* Food */ = {
			isa = PBXNativeTarget;
			buildConfigurationList = 4B4F0DE72A331D7B00D3F8EA /* Build configuration list for PBXNativeTarget "Food" */;
			buildPhases = (
				3C0225F31E2E28D58EBD2A9F /* [CP] Check Pods Manifest.lock */,
				4B4F0DCF2A331D7A00D3F8EA /* Sources */,
				4B4F0DD02A331D7A00D3F8EA /* Frameworks */,
				4B4F0DD12A331D7A00D3F8EA /* Resources */,
				57B2E9A21D628ADD29F77BE5 /* [CP] Embed Pods Frameworks */,
			);
			buildRules = (
			);
			dependencies = (
			);
			name = Food;
			packageProductDependencies = (
				4B2018DC2A39BE220043F705 /* SDWebImage */,
			);
			productName = Food;
			productReference = 4B4F0DD32A331D7A00D3F8EA /* Food.app */;
			productType = "com.apple.product-type.application";
		};
/* End PBXNativeTarget section */

/* Begin PBXProject section */
		4B4F0DCB2A331D7A00D3F8EA /* Project object */ = {
			isa = PBXProject;
			attributes = {
				BuildIndependentTargetsInParallel = 1;
				LastSwiftUpdateCheck = 1430;
				LastUpgradeCheck = 1430;
				TargetAttributes = {
					4B4F0DD22A331D7A00D3F8EA = {
						CreatedOnToolsVersion = 14.3;
					};
				};
			};
			buildConfigurationList = 4B4F0DCE2A331D7A00D3F8EA /* Build configuration list for PBXProject "Food" */;
			compatibilityVersion = "Xcode 14.0";
			developmentRegion = en;
			hasScannedForEncodings = 0;
			knownRegions = (
				en,
				Base,
			);
			mainGroup = 4B4F0DCA2A331D7A00D3F8EA;
			packageReferences = (
				4B2018DB2A39BE220043F705 /* XCRemoteSwiftPackageReference "SDWebImage" */,
			);
			productRefGroup = 4B4F0DD42A331D7A00D3F8EA /* Products */;
			projectDirPath = "";
			projectRoot = "";
			targets = (
				4B4F0DD22A331D7A00D3F8EA /* Food */,
			);
		};
/* End PBXProject section */

/* Begin PBXResourcesBuildPhase section */
		4B4F0DD12A331D7A00D3F8EA /* Resources */ = {
			isa = PBXResourcesBuildPhase;
			buildActionMask = 2147483647;
			files = (
				4B4F0DE32A331D7B00D3F8EA /* LaunchScreen.storyboard in Resources */,
				4B4F0DE02A331D7B00D3F8EA /* Assets.xcassets in Resources */,
			);
			runOnlyForDeploymentPostprocessing = 0;
		};
/* End PBXResourcesBuildPhase section */

/* Begin PBXShellScriptBuildPhase section */
		3C0225F31E2E28D58EBD2A9F /* [CP] Check Pods Manifest.lock */ = {
			isa = PBXShellScriptBuildPhase;
			buildActionMask = 2147483647;
			files = (
			);
			inputFileListPaths = (
			);
			inputPaths = (
				"${PODS_PODFILE_DIR_PATH}/Podfile.lock",
				"${PODS_ROOT}/Manifest.lock",
			);
			name = "[CP] Check Pods Manifest.lock";
			outputFileListPaths = (
			);
			outputPaths = (
				"$(DERIVED_FILE_DIR)/Pods-Food-checkManifestLockResult.txt",
			);
			runOnlyForDeploymentPostprocessing = 0;
			shellPath = /bin/sh;
			shellScript = "diff \"${PODS_PODFILE_DIR_PATH}/Podfile.lock\" \"${PODS_ROOT}/Manifest.lock\" > /dev/null\nif [ $? != 0 ] ; then\n    # print error to STDERR\n    echo \"error: The sandbox is not in sync with the Podfile.lock. Run 'pod install' or update your CocoaPods installation.\" >&2\n    exit 1\nfi\n# This output is used by Xcode 'outputs' to avoid re-running this script phase.\necho \"SUCCESS\" > \"${SCRIPT_OUTPUT_FILE_0}\"\n";
			showEnvVarsInLog = 0;
		};
		57B2E9A21D628ADD29F77BE5 /* [CP] Embed Pods Frameworks */ = {
			isa = PBXShellScriptBuildPhase;
			buildActionMask = 2147483647;
			files = (
			);
			inputFileListPaths = (
				"${PODS_ROOT}/Target Support Files/Pods-Food/Pods-Food-frameworks-${CONFIGURATION}-input-files.xcfilelist",
			);
			name = "[CP] Embed Pods Frameworks";
			outputFileListPaths = (
				"${PODS_ROOT}/Target Support Files/Pods-Food/Pods-Food-frameworks-${CONFIGURATION}-output-files.xcfilelist",
			);
			runOnlyForDeploymentPostprocessing = 0;
			shellPath = /bin/sh;
			shellScript = "\"${PODS_ROOT}/Target Support Files/Pods-Food/Pods-Food-frameworks.sh\"\n";
			showEnvVarsInLog = 0;
		};
/* End PBXShellScriptBuildPhase section */

/* Begin PBXSourcesBuildPhase section */
		4B4F0DCF2A331D7A00D3F8EA /* Sources */ = {
			isa = PBXSourcesBuildPhase;
			buildActionMask = 2147483647;
			files = (
				4BAA7FC02A44FED100CEE249 /* RecipeViewModelStorage.swift in Sources */,
				4B6F6A6D2A38EC0100E09B60 /* HTTP.swift in Sources */,
				4B88DF1F2A37C13C00393E0D /* FoodService.swift in Sources */,
				4B4F0DDB2A331D7A00D3F8EA /* FoodMainVC.swift in Sources */,
				4B88DF212A37C14500393E0D /* Endpoint.swift in Sources */,
				4B492DE42A3A7BBE00A8579B /* FoodsByIngredientsTVC.swift in Sources */,
				4BAA7FBD2A44FEB900CEE249 /* RecipeViewModel.swift in Sources */,
				4BFDE8AD2A3D26EE00568381 /* FoodsByIngredientsViewModel.swift in Sources */,
				4BAA7FB92A44FC3E00CEE249 /* RecipeVC.swift in Sources */,
				4BFDE8B52A3E506B00568381 /* ingredientsTVC.swift in Sources */,
				4B4F0DD72A331D7A00D3F8EA /* AppDelegate.swift in Sources */,
				4B6F6A6F2A38F17000E09B60 /* FoodViewModel.swift in Sources */,
				4B6F6A712A38F17B00E09B60 /* FoodViewModelStorage.swift in Sources */,
				4B492DE22A3A757D00A8579B /* FoodsByIngredientsVC.swift in Sources */,
				4B4F0DD92A331D7A00D3F8EA /* SceneDelegate.swift in Sources */,
				4BFDE8B32A3E4FE500568381 /* ingredientsVC.swift in Sources */,
				4B9405632A49C5DD002F73A7 /* RecipeModel.swift in Sources */,
				4BFDE8B82A3E50DB00568381 /* ingredientsModel.swift in Sources */,
				4BFDE8AF2A3D271400568381 /* IngredientsViewModelStorage.swift in Sources */,
				4B5642AE2A3BBDDB0000F421 /* FoodsByIngredientsModel.swift in Sources */,
				4B4F0DF02A331DFE00D3F8EA /* FoodModel.swift in Sources */,
				4B88DF232A37C15C00393E0D /* Constants.swift in Sources */,
				4BBB40482A41E9D700B50999 /* ButtonCV.swift in Sources */,
				4B2018DA2A39BC350043F705 /* FoodsMainCVC.swift in Sources */,
			);
			runOnlyForDeploymentPostprocessing = 0;
		};
/* End PBXSourcesBuildPhase section */

/* Begin PBXVariantGroup section */
		4B4F0DE12A331D7B00D3F8EA /* LaunchScreen.storyboard */ = {
			isa = PBXVariantGroup;
			children = (
				4B4F0DE22A331D7B00D3F8EA /* Base */,
			);
			name = LaunchScreen.storyboard;
			sourceTree = "<group>";
		};
/* End PBXVariantGroup section */

/* Begin XCBuildConfiguration section */
		4B4F0DE52A331D7B00D3F8EA /* Debug */ = {
			isa = XCBuildConfiguration;
			buildSettings = {
				ALWAYS_SEARCH_USER_PATHS = NO;
				CLANG_ANALYZER_NONNULL = YES;
				CLANG_ANALYZER_NUMBER_OBJECT_CONVERSION = YES_AGGRESSIVE;
				CLANG_CXX_LANGUAGE_STANDARD = "gnu++20";
				CLANG_ENABLE_MODULES = YES;
				CLANG_ENABLE_OBJC_ARC = YES;
				CLANG_ENABLE_OBJC_WEAK = YES;
				CLANG_WARN_BLOCK_CAPTURE_AUTORELEASING = YES;
				CLANG_WARN_BOOL_CONVERSION = YES;
				CLANG_WARN_COMMA = YES;
				CLANG_WARN_CONSTANT_CONVERSION = YES;
				CLANG_WARN_DEPRECATED_OBJC_IMPLEMENTATIONS = YES;
				CLANG_WARN_DIRECT_OBJC_ISA_USAGE = YES_ERROR;
				CLANG_WARN_DOCUMENTATION_COMMENTS = YES;
				CLANG_WARN_EMPTY_BODY = YES;
				CLANG_WARN_ENUM_CONVERSION = YES;
				CLANG_WARN_INFINITE_RECURSION = YES;
				CLANG_WARN_INT_CONVERSION = YES;
				CLANG_WARN_NON_LITERAL_NULL_CONVERSION = YES;
				CLANG_WARN_OBJC_IMPLICIT_RETAIN_SELF = YES;
				CLANG_WARN_OBJC_LITERAL_CONVERSION = YES;
				CLANG_WARN_OBJC_ROOT_CLASS = YES_ERROR;
				CLANG_WARN_QUOTED_INCLUDE_IN_FRAMEWORK_HEADER = YES;
				CLANG_WARN_RANGE_LOOP_ANALYSIS = YES;
				CLANG_WARN_STRICT_PROTOTYPES = YES;
				CLANG_WARN_SUSPICIOUS_MOVE = YES;
				CLANG_WARN_UNGUARDED_AVAILABILITY = YES_AGGRESSIVE;
				CLANG_WARN_UNREACHABLE_CODE = YES;
				CLANG_WARN__DUPLICATE_METHOD_MATCH = YES;
				COPY_PHASE_STRIP = NO;
				DEBUG_INFORMATION_FORMAT = dwarf;
				ENABLE_STRICT_OBJC_MSGSEND = YES;
				ENABLE_TESTABILITY = YES;
				GCC_C_LANGUAGE_STANDARD = gnu11;
				GCC_DYNAMIC_NO_PIC = NO;
				GCC_NO_COMMON_BLOCKS = YES;
				GCC_OPTIMIZATION_LEVEL = 0;
				GCC_PREPROCESSOR_DEFINITIONS = (
					"DEBUG=1",
					"$(inherited)",
				);
				GCC_WARN_64_TO_32_BIT_CONVERSION = YES;
				GCC_WARN_ABOUT_RETURN_TYPE = YES_ERROR;
				GCC_WARN_UNDECLARED_SELECTOR = YES;
				GCC_WARN_UNINITIALIZED_AUTOS = YES_AGGRESSIVE;
				GCC_WARN_UNUSED_FUNCTION = YES;
				GCC_WARN_UNUSED_VARIABLE = YES;
				IPHONEOS_DEPLOYMENT_TARGET = 16.4;
				MTL_ENABLE_DEBUG_INFO = INCLUDE_SOURCE;
				MTL_FAST_MATH = YES;
				ONLY_ACTIVE_ARCH = YES;
				SDKROOT = iphoneos;
				SWIFT_ACTIVE_COMPILATION_CONDITIONS = DEBUG;
				SWIFT_OPTIMIZATION_LEVEL = "-Onone";
			};
			name = Debug;
		};
		4B4F0DE62A331D7B00D3F8EA /* Release */ = {
			isa = XCBuildConfiguration;
			buildSettings = {
				ALWAYS_SEARCH_USER_PATHS = NO;
				CLANG_ANALYZER_NONNULL = YES;
				CLANG_ANALYZER_NUMBER_OBJECT_CONVERSION = YES_AGGRESSIVE;
				CLANG_CXX_LANGUAGE_STANDARD = "gnu++20";
				CLANG_ENABLE_MODULES = YES;
				CLANG_ENABLE_OBJC_ARC = YES;
				CLANG_ENABLE_OBJC_WEAK = YES;
				CLANG_WARN_BLOCK_CAPTURE_AUTORELEASING = YES;
				CLANG_WARN_BOOL_CONVERSION = YES;
				CLANG_WARN_COMMA = YES;
				CLANG_WARN_CONSTANT_CONVERSION = YES;
				CLANG_WARN_DEPRECATED_OBJC_IMPLEMENTATIONS = YES;
				CLANG_WARN_DIRECT_OBJC_ISA_USAGE = YES_ERROR;
				CLANG_WARN_DOCUMENTATION_COMMENTS = YES;
				CLANG_WARN_EMPTY_BODY = YES;
				CLANG_WARN_ENUM_CONVERSION = YES;
				CLANG_WARN_INFINITE_RECURSION = YES;
				CLANG_WARN_INT_CONVERSION = YES;
				CLANG_WARN_NON_LITERAL_NULL_CONVERSION = YES;
				CLANG_WARN_OBJC_IMPLICIT_RETAIN_SELF = YES;
				CLANG_WARN_OBJC_LITERAL_CONVERSION = YES;
				CLANG_WARN_OBJC_ROOT_CLASS = YES_ERROR;
				CLANG_WARN_QUOTED_INCLUDE_IN_FRAMEWORK_HEADER = YES;
				CLANG_WARN_RANGE_LOOP_ANALYSIS = YES;
				CLANG_WARN_STRICT_PROTOTYPES = YES;
				CLANG_WARN_SUSPICIOUS_MOVE = YES;
				CLANG_WARN_UNGUARDED_AVAILABILITY = YES_AGGRESSIVE;
				CLANG_WARN_UNREACHABLE_CODE = YES;
				CLANG_WARN__DUPLICATE_METHOD_MATCH = YES;
				COPY_PHASE_STRIP = NO;
				DEBUG_INFORMATION_FORMAT = "dwarf-with-dsym";
				ENABLE_NS_ASSERTIONS = NO;
				ENABLE_STRICT_OBJC_MSGSEND = YES;
				GCC_C_LANGUAGE_STANDARD = gnu11;
				GCC_NO_COMMON_BLOCKS = YES;
				GCC_WARN_64_TO_32_BIT_CONVERSION = YES;
				GCC_WARN_ABOUT_RETURN_TYPE = YES_ERROR;
				GCC_WARN_UNDECLARED_SELECTOR = YES;
				GCC_WARN_UNINITIALIZED_AUTOS = YES_AGGRESSIVE;
				GCC_WARN_UNUSED_FUNCTION = YES;
				GCC_WARN_UNUSED_VARIABLE = YES;
				IPHONEOS_DEPLOYMENT_TARGET = 16.4;
				MTL_ENABLE_DEBUG_INFO = NO;
				MTL_FAST_MATH = YES;
				SDKROOT = iphoneos;
				SWIFT_COMPILATION_MODE = wholemodule;
				SWIFT_OPTIMIZATION_LEVEL = "-O";
				VALIDATE_PRODUCT = YES;
			};
			name = Release;
		};
		4B4F0DE82A331D7B00D3F8EA /* Debug */ = {
			isa = XCBuildConfiguration;
			baseConfigurationReference = D6A9A7ADEDA57F4995ECC562 /* Pods-Food.debug.xcconfig */;
			buildSettings = {
				ASSETCATALOG_COMPILER_APPICON_NAME = AppIcon;
				ASSETCATALOG_COMPILER_GLOBAL_ACCENT_COLOR_NAME = AccentColor;
				CODE_SIGN_STYLE = Automatic;
				CURRENT_PROJECT_VERSION = 1;
				DEVELOPMENT_TEAM = TMRNPYF52J;
				GENERATE_INFOPLIST_FILE = YES;
				INFOPLIST_FILE = Food/Info.plist;
				INFOPLIST_KEY_UIApplicationSupportsIndirectInputEvents = YES;
				INFOPLIST_KEY_UILaunchStoryboardName = LaunchScreen;
				INFOPLIST_KEY_UISupportedInterfaceOrientations_iPad = "UIInterfaceOrientationPortrait UIInterfaceOrientationPortraitUpsideDown UIInterfaceOrientationLandscapeLeft UIInterfaceOrientationLandscapeRight";
				INFOPLIST_KEY_UISupportedInterfaceOrientations_iPhone = "UIInterfaceOrientationPortrait UIInterfaceOrientationLandscapeLeft UIInterfaceOrientationLandscapeRight";
				LD_RUNPATH_SEARCH_PATHS = (
					"$(inherited)",
					"@executable_path/Frameworks",
				);
				MARKETING_VERSION = 1.0;
				PRODUCT_BUNDLE_IDENTIFIER = com.ayberkoz.Food;
				PRODUCT_NAME = "$(TARGET_NAME)";
				SWIFT_EMIT_LOC_STRINGS = YES;
				SWIFT_VERSION = 5.0;
				TARGETED_DEVICE_FAMILY = "1,2";
			};
			name = Debug;
		};
		4B4F0DE92A331D7B00D3F8EA /* Release */ = {
			isa = XCBuildConfiguration;
			baseConfigurationReference = 576EB22D6BB0494B819A1210 /* Pods-Food.release.xcconfig */;
			buildSettings = {
				ASSETCATALOG_COMPILER_APPICON_NAME = AppIcon;
				ASSETCATALOG_COMPILER_GLOBAL_ACCENT_COLOR_NAME = AccentColor;
				CODE_SIGN_STYLE = Automatic;
				CURRENT_PROJECT_VERSION = 1;
				DEVELOPMENT_TEAM = TMRNPYF52J;
				GENERATE_INFOPLIST_FILE = YES;
				INFOPLIST_FILE = Food/Info.plist;
				INFOPLIST_KEY_UIApplicationSupportsIndirectInputEvents = YES;
				INFOPLIST_KEY_UILaunchStoryboardName = LaunchScreen;
				INFOPLIST_KEY_UISupportedInterfaceOrientations_iPad = "UIInterfaceOrientationPortrait UIInterfaceOrientationPortraitUpsideDown UIInterfaceOrientationLandscapeLeft UIInterfaceOrientationLandscapeRight";
				INFOPLIST_KEY_UISupportedInterfaceOrientations_iPhone = "UIInterfaceOrientationPortrait UIInterfaceOrientationLandscapeLeft UIInterfaceOrientationLandscapeRight";
				LD_RUNPATH_SEARCH_PATHS = (
					"$(inherited)",
					"@executable_path/Frameworks",
				);
				MARKETING_VERSION = 1.0;
				PRODUCT_BUNDLE_IDENTIFIER = com.ayberkoz.Food;
				PRODUCT_NAME = "$(TARGET_NAME)";
				SWIFT_EMIT_LOC_STRINGS = YES;
				SWIFT_VERSION = 5.0;
				TARGETED_DEVICE_FAMILY = "1,2";
			};
			name = Release;
		};
/* End XCBuildConfiguration section */

/* Begin XCConfigurationList section */
		4B4F0DCE2A331D7A00D3F8EA /* Build configuration list for PBXProject "Food" */ = {
			isa = XCConfigurationList;
			buildConfigurations = (
				4B4F0DE52A331D7B00D3F8EA /* Debug */,
				4B4F0DE62A331D7B00D3F8EA /* Release */,
			);
			defaultConfigurationIsVisible = 0;
			defaultConfigurationName = Release;
		};
		4B4F0DE72A331D7B00D3F8EA /* Build configuration list for PBXNativeTarget "Food" */ = {
			isa = XCConfigurationList;
			buildConfigurations = (
				4B4F0DE82A331D7B00D3F8EA /* Debug */,
				4B4F0DE92A331D7B00D3F8EA /* Release */,
			);
			defaultConfigurationIsVisible = 0;
			defaultConfigurationName = Release;
		};
/* End XCConfigurationList section */

/* Begin XCRemoteSwiftPackageReference section */
		4B2018DB2A39BE220043F705 /* XCRemoteSwiftPackageReference "SDWebImage" */ = {
			isa = XCRemoteSwiftPackageReference;
			repositoryURL = "https://github.com/SDWebImage/SDWebImage.git";
			requirement = {
				kind = upToNextMajorVersion;
				minimumVersion = 5.0.0;
			};
		};
/* End XCRemoteSwiftPackageReference section */

/* Begin XCSwiftPackageProductDependency section */
		4B2018DC2A39BE220043F705 /* SDWebImage */ = {
			isa = XCSwiftPackageProductDependency;
			package = 4B2018DB2A39BE220043F705 /* XCRemoteSwiftPackageReference "SDWebImage" */;
			productName = SDWebImage;
		};
/* End XCSwiftPackageProductDependency section */
	};
	rootObject = 4B4F0DCB2A331D7A00D3F8EA /* Project object */;
}
